
Microsoft Visual Studio Solution File, Format Version 12.00
# Visual Studio Version 17
VisualStudioVersion = 17.1.32210.238
MinimumVisualStudioVersion = 10.0.40219.1
Project("{9A19103F-16F7-4668-BE54-9A1E7A4F7556}") = "BasicStructure", "BasicStructure\BasicStructure.csproj", "{0AFE4B3F-DF8D-4A03-92EA-7EAA42532CF5}"
EndProject
Project("{FAE04EC0-301F-11D3-BF4B-00C04F79EFBC}") = "Services", "Services\Services.csproj", "{2FF61DC5-23BA-4BDC-9790-469289A102A6}"
EndProject
Global
	GlobalSection(SolutionConfigurationPlatforms) = preSolution
		Debug|Any CPU = Debug|Any CPU
		Release|Any CPU = Release|Any CPU
	EndGlobalSection
	GlobalSection(ProjectConfigurationPlatforms) = postSolution
		{0AFE4B3F-DF8D-4A03-92EA-7EAA42532CF5}.Debug|Any CPU.ActiveCfg = Debug|Any CPU
		{0AFE4B3F-DF8D-4A03-92EA-7EAA42532CF5}.Debug|Any CPU.Build.0 = Debug|Any CPU
		{0AFE4B3F-DF8D-4A03-92EA-7EAA42532CF5}.Release|Any CPU.ActiveCfg = Release|Any CPU
		{0AFE4B3F-DF8D-4A03-92EA-7EAA42532CF5}.Release|Any CPU.Build.0 = Release|Any CPU
		{2FF61DC5-23BA-4BDC-9790-469289A102A6}.Debug|Any CPU.ActiveCfg = Debug|Any CPU
		{2FF61DC5-23BA-4BDC-9790-469289A102A6}.Debug|Any CPU.Build.0 = Debug|Any CPU
		{2FF61DC5-23BA-4BDC-9790-469289A102A6}.Release|Any CPU.ActiveCfg = Release|Any CPU
		{2FF61DC5-23BA-4BDC-9790-469289A102A6}.Release|Any CPU.Build.0 = Release|Any CPU
	EndGlobalSection
	GlobalSection(SolutionProperties) = preSolution
		HideSolutionNode = FALSE
	EndGlobalSection
	GlobalSection(ExtensibilityGlobals) = postSolution
		SolutionGuid = {0D6AE2EE-A391-441B-9E89-E958A12C79A2}
	EndGlobalSection
EndGlobal
